
Microsoft Visual Studio Solution File, Format Version 11.00
# Visual Studio 2010
Project("{F184B08F-C81C-45F6-A57F-5ABD9991F28F}") = "film", "film\film.vbproj", "{3FE25828-3FDB-4C3B-84DF-F5505792AE1C}"
EndProject
Global
	GlobalSection(SolutionConfigurationPlatforms) = preSolution
		Debug|Any CPU = Debug|Any CPU
		Release|Any CPU = Release|Any CPU
	EndGlobalSection
	GlobalSection(ProjectConfigurationPlatforms) = postSolution
		{3FE25828-3FDB-4C3B-84DF-F5505792AE1C}.Debug|Any CPU.ActiveCfg = Debug|Any CPU
		{3FE25828-3FDB-4C3B-84DF-F5505792AE1C}.Debug|Any CPU.Build.0 = Debug|Any CPU
		{3FE25828-3FDB-4C3B-84DF-F5505792AE1C}.Release|Any CPU.ActiveCfg = Release|Any CPU
		{3FE25828-3FDB-4C3B-84DF-F5505792AE1C}.Release|Any CPU.Build.0 = Release|Any CPU
	EndGlobalSection
	GlobalSection(SolutionProperties) = preSolution
		HideSolutionNode = FALSE
	EndGlobalSection
EndGlobal
